// !$*UTF8*$!
{
	archiveVersion = 1;
	classes = {
	};
	objectVersion = 50;
	objects = {

/* Begin PBXBuildFile section */
		36A7C19D229B68CE00FBB94B /* AppDelegate.swift in Sources */ = {isa = PBXBuildFile; fileRef = 36A7C19C229B68CE00FBB94B /* AppDelegate.swift */; };
		36A7C1A2229B68CE00FBB94B /* Main.storyboard in Resources */ = {isa = PBXBuildFile; fileRef = 36A7C1A0229B68CE00FBB94B /* Main.storyboard */; };
		36A7C1A5229B68CE00FBB94B /* ViewFinder2.xcdatamodeld in Sources */ = {isa = PBXBuildFile; fileRef = 36A7C1A3229B68CE00FBB94B /* ViewFinder2.xcdatamodeld */; };
		36A7C1A7229B68CF00FBB94B /* Assets.xcassets in Resources */ = {isa = PBXBuildFile; fileRef = 36A7C1A6229B68CF00FBB94B /* Assets.xcassets */; };
		36A7C1AA229B68CF00FBB94B /* LaunchScreen.storyboard in Resources */ = {isa = PBXBuildFile; fileRef = 36A7C1A8229B68CF00FBB94B /* LaunchScreen.storyboard */; };
/* End PBXBuildFile section */

/* Begin PBXFileReference section */
		36A7C199229B68CE00FBB94B /* ViewFinder2.app */ = {isa = PBXFileReference; explicitFileType = wrapper.application; includeInIndex = 0; path = ViewFinder2.app; sourceTree = BUILT_PRODUCTS_DIR; };
		36A7C19C229B68CE00FBB94B /* AppDelegate.swift */ = {isa = PBXFileReference; lastKnownFileType = sourcecode.swift; path = AppDelegate.swift; sourceTree = "<group>"; };
		36A7C1A1229B68CE00FBB94B /* Base */ = {isa = PBXFileReference; lastKnownFileType = file.storyboard; name = Base; path = Base.lproj/Main.storyboard; sourceTree = "<group>"; };
		36A7C1A4229B68CE00FBB94B /* ViewFinder2.xcdatamodel */ = {isa = PBXFileReference; lastKnownFileType = wrapper.xcdatamodel; path = ViewFinder2.xcdatamodel; sourceTree = "<group>"; };
		36A7C1A6229B68CF00FBB94B /* Assets.xcassets */ = {isa = PBXFileReference; lastKnownFileType = folder.assetcatalog; path = Assets.xcassets; sourceTree = "<group>"; };
		36A7C1A9229B68CF00FBB94B /* Base */ = {isa = PBXFileReference; lastKnownFileType = file.storyboard; name = Base; path = Base.lproj/LaunchScreen.storyboard; sourceTree = "<group>"; };
		36A7C1AB229B68CF00FBB94B /* Info.plist */ = {isa = PBXFileReference; lastKnownFileType = text.plist.xml; path = Info.plist; sourceTree = "<group>"; };
/* End PBXFileReference section */

/* Begin PBXFrameworksBuildPhase section */
		36A7C196229B68CE00FBB94B /* Frameworks */ = {
			isa = PBXFrameworksBuildPhase;
			buildActionMask = 2147483647;
			files = (
			);
			runOnlyForDeploymentPostprocessing = 0;
		};
/* End PBXFrameworksBuildPhase section */

/* Begin PBXGroup section */
		36A7C190229B68CE00FBB94B = {
			isa = PBXGroup;
			children = (
				36A7C19B229B68CE00FBB94B /* ViewFinder2 */,
				36A7C19A229B68CE00FBB94B /* Products */,
			);
			sourceTree = "<group>";
		};
		36A7C19A229B68CE00FBB94B /* Products */ = {
			isa = PBXGroup;
			children = (
				36A7C199229B68CE00FBB94B /* ViewFinder2.app */,
			);
			name = Products;
			sourceTree = "<group>";
		};
		36A7C19B229B68CE00FBB94B /* ViewFinder2 */ = {
			isa = PBXGroup;
			children = (
				36A7C19C229B68CE00FBB94B /* AppDelegate.swift */,
				36A7C1A0229B68CE00FBB94B /* Main.storyboard */,
				36A7C1A6229B68CF00FBB94B /* Assets.xcassets */,
				36A7C1A8229B68CF00FBB94B /* LaunchScreen.storyboard */,
				36A7C1AB229B68CF00FBB94B /* Info.plist */,
				36A7C1A3229B68CE00FBB94B /* ViewFinder2.xcdatamodeld */,
			);
			path = ViewFinder2;
			sourceTree = "<group>";
		};
/* End PBXGroup section */

/* Begin PBXNativeTarget section */
		36A7C198229B68CE00FBB94B /* ViewFinder2 */ = {
			isa = PBXNativeTarget;
			buildConfigurationList = 36A7C1AE229B68CF00FBB94B /* Build configuration list for PBXNativeTarget "ViewFinder2" */;
			buildPhases = (
				36A7C195229B68CE00FBB94B /* Sources */,
				36A7C196229B68CE00FBB94B /* Frameworks */,
				36A7C197229B68CE00FBB94B /* Resources */,
			);
			buildRules = (
			);
			dependencies = (
			);
			name = ViewFinder2;
			productName = ViewFinder2;
			productReference = 36A7C199229B68CE00FBB94B /* ViewFinder2.app */;
			productType = "com.apple.product-type.application";
		};
/* End PBXNativeTarget section */

/* Begin PBXProject section */
		36A7C191229B68CE00FBB94B /* Project object */ = {
			isa = PBXProject;
			attributes = {
				LastSwiftUpdateCheck = 1020;
				LastUpgradeCheck = 1020;
				ORGANIZATIONNAME = "Colby Dickinson";
				TargetAttributes = {
					36A7C198229B68CE00FBB94B = {
						CreatedOnToolsVersion = 10.2.1;
					};
				};
			};
			buildConfigurationList = 36A7C194229B68CE00FBB94B /* Build configuration list for PBXProject "ViewFinder2" */;
			compatibilityVersion = "Xcode 9.3";
			developmentRegion = en;
			hasScannedForEncodings = 0;
			knownRegions = (
				en,
				Base,
			);
			mainGroup = 36A7C190229B68CE00FBB94B;
			productRefGroup = 36A7C19A229B68CE00FBB94B /* Products */;
			projectDirPath = "";
			projectRoot = "";
			targets = (
				36A7C198229B68CE00FBB94B /* ViewFinder2 */,
			);
		};
/* End PBXProject section */

/* Begin PBXResourcesBuildPhase section */
		36A7C197229B68CE00FBB94B /* Resources */ = {
			isa = PBXResourcesBuildPhase;
			buildActionMask = 2147483647;
			files = (
				36A7C1AA229B68CF00FBB94B /* LaunchScreen.storyboard in Resources */,
				36A7C1A7229B68CF00FBB94B /* Assets.xcassets in Resources */,
				36A7C1A2229B68CE00FBB94B /* Main.storyboard in Resources */,
			);
			runOnlyForDeploymentPostprocessing = 0;
		};
/* End PBXResourcesBuildPhase section */

/* Begin PBXSourcesBuildPhase section */
		36A7C195229B68CE00FBB94B /* Sources */ = {
			isa = PBXSourcesBuildPhase;
			buildActionMask = 2147483647;
			files = (
				36A7C19D229B68CE00FBB94B /* AppDelegate.swift in Sources */,
				36A7C1A5229B68CE00FBB94B /* ViewFinder2.xcdatamodeld in Sources */,
			);
			runOnlyForDeploymentPostprocessing = 0;
		};
/* End PBXSourcesBuildPhase section */

/* Begin PBXVariantGroup section */
		36A7C1A0229B68CE00FBB94B /* Main.storyboard */ = {
			isa = PBXVariantGroup;
			children = (
				36A7C1A1229B68CE00FBB94B /* Base */,
			);
			name = Main.storyboard;
			sourceTree = "<group>";
		};
		36A7C1A8229B68CF00FBB94B /* LaunchScreen.storyboard */ = {
			isa = PBXVariantGroup;
			children = (
				36A7C1A9229B68CF00FBB94B /* Base */,
			);
			name = LaunchScreen.storyboard;
			sourceTree = "<group>";
		};
/* End PBXVariantGroup section */

/* Begin XCBuildConfiguration section */
		36A7C1AC229B68CF00FBB94B /* Debug */ = {
			isa = XCBuildConfiguration;
			buildSettings = {
				ALWAYS_SEARCH_USER_PATHS = NO;
				CLANG_ANALYZER_NONNULL = YES;
				CLANG_ANALYZER_NUMBER_OBJECT_CONVERSION = YES_AGGRESSIVE;
				CLANG_CXX_LANGUAGE_STANDARD = "gnu++14";
				CLANG_CXX_LIBRARY = "libc++";
				CLANG_ENABLE_MODULES = YES;
				CLANG_ENABLE_OBJC_ARC = YES;
				CLANG_ENABLE_OBJC_WEAK = YES;
				CLANG_WARN_BLOCK_CAPTURE_AUTORELEASING = YES;
				CLANG_WARN_BOOL_CONVERSION = YES;
				CLANG_WARN_COMMA = YES;
				CLANG_WARN_CONSTANT_CONVERSION = YES;
				CLANG_WARN_DEPRECATED_OBJC_IMPLEMENTATIONS = YES;
				CLANG_WARN_DIRECT_OBJC_ISA_USAGE = YES_ERROR;
				CLANG_WARN_DOCUMENTATION_COMMENTS = YES;
				CLANG_WARN_EMPTY_BODY = YES;
				CLANG_WARN_ENUM_CONVERSION = YES;
				CLANG_WARN_INFINITE_RECURSION = YES;
				CLANG_WARN_INT_CONVERSION = YES;
				CLANG_WARN_NON_LITERAL_NULL_CONVERSION = YES;
				CLANG_WARN_OBJC_IMPLICIT_RETAIN_SELF = YES;
				CLANG_WARN_OBJC_LITERAL_CONVERSION = YES;
				CLANG_WARN_OBJC_ROOT_CLASS = YES_ERROR;
				CLANG_WARN_RANGE_LOOP_ANALYSIS = YES;
				CLANG_WARN_STRICT_PROTOTYPES = YES;
				CLANG_WARN_SUSPICIOUS_MOVE = YES;
				CLANG_WARN_UNGUARDED_AVAILABILITY = YES_AGGRESSIVE;
				CLANG_WARN_UNREACHABLE_CODE = YES;
				CLANG_WARN__DUPLICATE_METHOD_MATCH = YES;
				CODE_SIGN_IDENTITY = "iPhone Developer";
				COPY_PHASE_STRIP = NO;
				DEBUG_INFORMATION_FORMAT = dwarf;
				ENABLE_STRICT_OBJC_MSGSEND = YES;
				ENABLE_TESTABILITY = YES;
				GCC_C_LANGUAGE_STANDARD = gnu11;
				GCC_DYNAMIC_NO_PIC = NO;
				GCC_NO_COMMON_BLOCKS = YES;
				GCC_OPTIMIZATION_LEVEL = 0;
				GCC_PREPROCESSOR_DEFINITIONS = (
					"DEBUG=1",
					"$(inherited)",
				);
				GCC_WARN_64_TO_32_BIT_CONVERSION = YES;
				GCC_WARN_ABOUT_RETURN_TYPE = YES_ERROR;
				GCC_WARN_UNDECLARED_SELECTOR = YES;
				GCC_WARN_UNINITIALIZED_AUTOS = YES_AGGRESSIVE;
				GCC_WARN_UNUSED_FUNCTION = YES;
				GCC_WARN_UNUSED_VARIABLE = YES;
				IPHONEOS_DEPLOYMENT_TARGET = 12.2;
				MTL_ENABLE_DEBUG_INFO = INCLUDE_SOURCE;
				MTL_FAST_MATH = YES;
				ONLY_ACTIVE_ARCH = YES;
				SDKROOT = iphoneos;
				SWIFT_ACTIVE_COMPILATION_CONDITIONS = DEBUG;
				SWIFT_OPTIMIZATION_LEVEL = "-Onone";
			};
			name = Debug;
		};
		36A7C1AD229B68CF00FBB94B /* Release */ = {
			isa = XCBuildConfiguration;
			buildSettings = {
				ALWAYS_SEARCH_USER_PATHS = NO;
				CLANG_ANALYZER_NONNULL = YES;
				CLANG_ANALYZER_NUMBER_OBJECT_CONVERSION = YES_AGGRESSIVE;
				CLANG_CXX_LANGUAGE_STANDARD = "gnu++14";
				CLANG_CXX_LIBRARY = "libc++";
				CLANG_ENABLE_MODULES = YES;
				CLANG_ENABLE_OBJC_ARC = YES;
				CLANG_ENABLE_OBJC_WEAK = YES;
				CLANG_WARN_BLOCK_CAPTURE_AUTORELEASING = YES;
				CLANG_WARN_BOOL_CONVERSION = YES;
				CLANG_WARN_COMMA = YES;
				CLANG_WARN_CONSTANT_CONVERSION = YES;
				CLANG_WARN_DEPRECATED_OBJC_IMPLEMENTATIONS = YES;
				CLANG_WARN_DIRECT_OBJC_ISA_USAGE = YES_ERROR;
				CLANG_WARN_DOCUMENTATION_COMMENTS = YES;
				CLANG_WARN_EMPTY_BODY = YES;
				CLANG_WARN_ENUM_CONVERSION = YES;
				CLANG_WARN_INFINITE_RECURSION = YES;
				CLANG_WARN_INT_CONVERSION = YES;
				CLANG_WARN_NON_LITERAL_NULL_CONVERSION = YES;
				CLANG_WARN_OBJC_IMPLICIT_RETAIN_SELF = YES;
				CLANG_WARN_OBJC_LITERAL_CONVERSION = YES;
				CLANG_WARN_OBJC_ROOT_CLASS = YES_ERROR;
				CLANG_WARN_RANGE_LOOP_ANALYSIS = YES;
				CLANG_WARN_STRICT_PROTOTYPES = YES;
				CLANG_WARN_SUSPICIOUS_MOVE = YES;
				CLANG_WARN_UNGUARDED_AVAILABILITY = YES_AGGRESSIVE;
				CLANG_WARN_UNREACHABLE_CODE = YES;
				CLANG_WARN__DUPLICATE_METHOD_MATCH = YES;
				CODE_SIGN_IDENTITY = "iPhone Developer";
				COPY_PHASE_STRIP = NO;
				DEBUG_INFORMATION_FORMAT = "dwarf-with-dsym";
				ENABLE_NS_ASSERTIONS = NO;
				ENABLE_STRICT_OBJC_MSGSEND = YES;
				GCC_C_LANGUAGE_STANDARD = gnu11;
				GCC_NO_COMMON_BLOCKS = YES;
				GCC_WARN_64_TO_32_BIT_CONVERSION = YES;
				GCC_WARN_ABOUT_RETURN_TYPE = YES_ERROR;
				GCC_WARN_UNDECLARED_SELECTOR = YES;
				GCC_WARN_UNINITIALIZED_AUTOS = YES_AGGRESSIVE;
				GCC_WARN_UNUSED_FUNCTION = YES;
				GCC_WARN_UNUSED_VARIABLE = YES;
				IPHONEOS_DEPLOYMENT_TARGET = 12.2;
				MTL_ENABLE_DEBUG_INFO = NO;
				MTL_FAST_MATH = YES;
				SDKROOT = iphoneos;
				SWIFT_COMPILATION_MODE = wholemodule;
				SWIFT_OPTIMIZATION_LEVEL = "-O";
				VALIDATE_PRODUCT = YES;
			};
			name = Release;
		};
		36A7C1AF229B68CF00FBB94B /* Debug */ = {
			isa = XCBuildConfiguration;
			buildSettings = {
				ASSETCATALOG_COMPILER_APPICON_NAME = AppIcon;
				CODE_SIGN_STYLE = Automatic;
				INFOPLIST_FILE = ViewFinder2/Info.plist;
				LD_RUNPATH_SEARCH_PATHS = (
					"$(inherited)",
					"@executable_path/Frameworks",
				);
				PRODUCT_BUNDLE_IDENTIFIER = KWK.ViewFinder2;
				PRODUCT_NAME = "$(TARGET_NAME)";
				SWIFT_VERSION = 5.0;
				TARGETED_DEVICE_FAMILY = "1,2";
			};
			name = Debug;
		};
		36A7C1B0229B68CF00FBB94B /* Release */ = {
			isa = XCBuildConfiguration;
			buildSettings = {
				ASSETCATALOG_COMPILER_APPICON_NAME = AppIcon;
				CODE_SIGN_STYLE = Automatic;
				INFOPLIST_FILE = ViewFinder2/Info.plist;
				LD_RUNPATH_SEARCH_PATHS = (
					"$(inherited)",
					"@executable_path/Frameworks",
				);
				PRODUCT_BUNDLE_IDENTIFIER = KWK.ViewFinder2;
				PRODUCT_NAME = "$(TARGET_NAME)";
				SWIFT_VERSION = 5.0;
				TARGETED_DEVICE_FAMILY = "1,2";
			};
			name = Release;
		};
/* End XCBuildConfiguration section */

/* Begin XCConfigurationList section */
		36A7C194229B68CE00FBB94B /* Build configuration list for PBXProject "ViewFinder2" */ = {
			isa = XCConfigurationList;
			buildConfigurations = (
				36A7C1AC229B68CF00FBB94B /* Debug */,
				36A7C1AD229B68CF00FBB94B /* Release */,
			);
			defaultConfigurationIsVisible = 0;
			defaultConfigurationName = Release;
		};
		36A7C1AE229B68CF00FBB94B /* Build configuration list for PBXNativeTarget "ViewFinder2" */ = {
			isa = XCConfigurationList;
			buildConfigurations = (
				36A7C1AF229B68CF00FBB94B /* Debug */,
				36A7C1B0229B68CF00FBB94B /* Release */,
			);
			defaultConfigurationIsVisible = 0;
			defaultConfigurationName = Release;
		};
/* End XCConfigurationList section */

/* Begin XCVersionGroup section */
		36A7C1A3229B68CE00FBB94B /* ViewFinder2.xcdatamodeld */ = {
			isa = XCVersionGroup;
			children = (
				36A7C1A4229B68CE00FBB94B /* ViewFinder2.xcdatamodel */,
			);
			currentVersion = 36A7C1A4229B68CE00FBB94B /* ViewFinder2.xcdatamodel */;
			path = ViewFinder2.xcdatamodeld;
			sourceTree = "<group>";
			versionGroupType = wrapper.xcdatamodel;
		};
/* End XCVersionGroup section */
	};
	rootObject = 36A7C191229B68CE00FBB94B /* Project object */;
}
